
Microsoft Visual Studio Solution File, Format Version 12.00
# Visual Studio 15
VisualStudioVersion = 15.0.26430.4
MinimumVisualStudioVersion = 10.0.40219.1
Project("{FAE04EC0-301F-11D3-BF4B-00C04F79EFBC}") = "DataType", "DataType\DataType.csproj", "{852C98DD-6F3D-4EBA-A378-8A80CFC6F878}"
EndProject
Global
	GlobalSection(SolutionConfigurationPlatforms) = preSolution
		Debug|Any CPU = Debug|Any CPU
		Release|Any CPU = Release|Any CPU
	EndGlobalSection
	GlobalSection(ProjectConfigurationPlatforms) = postSolution
		{852C98DD-6F3D-4EBA-A378-8A80CFC6F878}.Debug|Any CPU.ActiveCfg = Debug|Any CPU
		{852C98DD-6F3D-4EBA-A378-8A80CFC6F878}.Debug|Any CPU.Build.0 = Debug|Any CPU
		{852C98DD-6F3D-4EBA-A378-8A80CFC6F878}.Release|Any CPU.ActiveCfg = Release|Any CPU
		{852C98DD-6F3D-4EBA-A378-8A80CFC6F878}.Release|Any CPU.Build.0 = Release|Any CPU
	EndGlobalSection
	GlobalSection(SolutionProperties) = preSolution
		HideSolutionNode = FALSE
	EndGlobalSection
EndGlobal
